
Microsoft Visual Studio Solution File, Format Version 12.00
Project("{FAE04EC0-301F-11D3-BF4B-00C04F79EFBC}") = "Walkhorn-Tests", "Walkhorn-Tests\Walkhorn-Tests.csproj", "{525C0DE0-5831-43AD-9CC0-204D2036CB68}"
EndProject
Project("{FAE04EC0-301F-11D3-BF4B-00C04F79EFBC}") = "Walkhorn-Core", "Walkhorn-Core\Walkhorn-Core.csproj", "{4A3A4FA6-6CE7-4F7E-A58F-EBCD195F0D0E}"
EndProject
Project("{FAE04EC0-301F-11D3-BF4B-00C04F79EFBC}") = "Flogger", "Flogger\Flogger.csproj", "{C9B3E417-140A-4B6F-A60E-4894286FA0B8}"
EndProject
Global
	GlobalSection(SolutionConfigurationPlatforms) = preSolution
		Debug|Any CPU = Debug|Any CPU
		Release|Any CPU = Release|Any CPU
	EndGlobalSection
	GlobalSection(ProjectConfigurationPlatforms) = postSolution
		{525C0DE0-5831-43AD-9CC0-204D2036CB68}.Debug|Any CPU.ActiveCfg = Debug|Any CPU
		{525C0DE0-5831-43AD-9CC0-204D2036CB68}.Debug|Any CPU.Build.0 = Debug|Any CPU
		{525C0DE0-5831-43AD-9CC0-204D2036CB68}.Release|Any CPU.ActiveCfg = Release|Any CPU
		{525C0DE0-5831-43AD-9CC0-204D2036CB68}.Release|Any CPU.Build.0 = Release|Any CPU
		{2974AEA5-281B-41E3-A507-E93A03C9B253}.Debug|Any CPU.ActiveCfg = Debug|Any CPU
		{2974AEA5-281B-41E3-A507-E93A03C9B253}.Debug|Any CPU.Build.0 = Debug|Any CPU
		{2974AEA5-281B-41E3-A507-E93A03C9B253}.Release|Any CPU.ActiveCfg = Release|Any CPU
		{2974AEA5-281B-41E3-A507-E93A03C9B253}.Release|Any CPU.Build.0 = Release|Any CPU
		{4A3A4FA6-6CE7-4F7E-A58F-EBCD195F0D0E}.Debug|Any CPU.ActiveCfg = Debug|Any CPU
		{4A3A4FA6-6CE7-4F7E-A58F-EBCD195F0D0E}.Debug|Any CPU.Build.0 = Debug|Any CPU
		{4A3A4FA6-6CE7-4F7E-A58F-EBCD195F0D0E}.Release|Any CPU.ActiveCfg = Release|Any CPU
		{4A3A4FA6-6CE7-4F7E-A58F-EBCD195F0D0E}.Release|Any CPU.Build.0 = Release|Any CPU
		{C9B3E417-140A-4B6F-A60E-4894286FA0B8}.Debug|Any CPU.ActiveCfg = Debug|Any CPU
		{C9B3E417-140A-4B6F-A60E-4894286FA0B8}.Debug|Any CPU.Build.0 = Debug|Any CPU
		{C9B3E417-140A-4B6F-A60E-4894286FA0B8}.Release|Any CPU.ActiveCfg = Release|Any CPU
		{C9B3E417-140A-4B6F-A60E-4894286FA0B8}.Release|Any CPU.Build.0 = Release|Any CPU
	EndGlobalSection
EndGlobal
